PODS:
  - AFNetworking (3.0.4):
    - AFNetworking/NSURLSession (= 3.0.4)
    - AFNetworking/Reachability (= 3.0.4)
    - AFNetworking/Security (= 3.0.4)
    - AFNetworking/Serialization (= 3.0.4)
    - AFNetworking/UIKit (= 3.0.4)
  - AFNetworking/NSURLSession (3.0.4):
    - AFNetworking/Reachability
    - AFNetworking/Security
    - AFNetworking/Serialization
  - AFNetworking/Reachability (3.0.4)
  - AFNetworking/Security (3.0.4)
  - AFNetworking/Serialization (3.0.4)
  - AFNetworking/UIKit (3.0.4):
    - AFNetworking/NSURLSession
  - FMDB (2.6):
    - FMDB/standard (= 2.6)
  - FMDB/standard (2.6)

DEPENDENCIES:
  - AFNetworking
  - FMDB

SPEC CHECKSUMS:
  AFNetworking: a0075feb321559dc78d9d85b55d11caa19eabb93
  FMDB: c1968bab3ab0aed38f66cb778ae1e7fa9a652b6e

PODFILE CHECKSUM: 2d720709062dd91a1ccea0bf714e3c747d0007fb

COCOAPODS: 1.2.0
