<?xml version="1.0" encoding="UTF-8"?>
<!DOCTYPE plist PUBLIC "-//Apple//DTD PLIST 1.0//EN" "http://www.apple.com/DTDs/PropertyList-1.0.dtd">
<plist version="1.0">
<dict>
	<key>archiveVersion</key>
	<string>1</string>
	<key>classes</key>
	<dict/>
	<key>objectVersion</key>
	<string>46</string>
	<key>objects</key>
	<dict>
		<key>0FF4AE371815CF0E009994BA</key>
		<dict>
			<key>children</key>
			<array>
				<string>0FF4AE491815CF0E009994BA</string>
				<string>0FF4AE6E1815CF0E009994BA</string>
				<string>0FF4AE421815CF0E009994BA</string>
				<string>0FF4AE411815CF0E009994BA</string>
				<string>424757434BB94BA29BA78D6B</string>
			</array>
			<key>isa</key>
			<string>PBXGroup</string>
			<key>sourceTree</key>
			<string>&lt;group&gt;</string>
		</dict>
		<key>0FF4AE381815CF0E009994BA</key>
		<dict>
			<key>attributes</key>
			<dict>
				<key>CLASSPREFIX</key>
				<string>OL</string>
				<key>LastUpgradeCheck</key>
				<string>0500</string>
				<key>ORGANIZATIONNAME</key>
				<string>Esri</string>
				<key>TargetAttributes</key>
				<dict>
					<key>0FF4AE3F1815CF0E009994BA</key>
					<dict>
						<key>DevelopmentTeam</key>
						<string>37LZZ7EKS9</string>
						<key>SystemCapabilities</key>
						<dict>
							<key>com.apple.BackgroundModes</key>
							<dict>
								<key>enabled</key>
								<string>1</string>
							</dict>
						</dict>
					</dict>
					<key>0FF4AE661815CF0E009994BA</key>
					<dict>
						<key>TestTargetID</key>
						<string>0FF4AE3F1815CF0E009994BA</string>
					</dict>
				</dict>
			</dict>
			<key>buildConfigurationList</key>
			<string>0FF4AE3B1815CF0E009994BA</string>
			<key>compatibilityVersion</key>
			<string>Xcode 3.2</string>
			<key>developmentRegion</key>
			<string>English</string>
			<key>hasScannedForEncodings</key>
			<string>0</string>
			<key>isa</key>
			<string>PBXProject</string>
			<key>knownRegions</key>
			<array>
				<string>en</string>
				<string>Base</string>
			</array>
			<key>mainGroup</key>
			<string>0FF4AE371815CF0E009994BA</string>
			<key>productRefGroup</key>
			<string>0FF4AE411815CF0E009994BA</string>
			<key>projectDirPath</key>
			<string></string>
			<key>projectReferences</key>
			<array/>
			<key>projectRoot</key>
			<string></string>
			<key>targets</key>
			<array>
				<string>0FF4AE3F1815CF0E009994BA</string>
				<string>0FF4AE661815CF0E009994BA</string>
			</array>
		</dict>
		<key>0FF4AE3B1815CF0E009994BA</key>
		<dict>
			<key>buildConfigurations</key>
			<array>
				<string>0FF4AE761815CF0E009994BA</string>
				<string>0FF4AE771815CF0E009994BA</string>
			</array>
			<key>defaultConfigurationIsVisible</key>
			<string>0</string>
			<key>defaultConfigurationName</key>
			<string>Release</string>
			<key>isa</key>
			<string>XCConfigurationList</string>
		</dict>
		<key>0FF4AE3C1815CF0E009994BA</key>
		<dict>
			<key>buildActionMask</key>
			<string>2147483647</string>
			<key>files</key>
			<array>
				<string>0FF4AE5D1815CF0E009994BA</string>
				<string>0FF4AE601815CF0E009994BA</string>
				<string>0FF4AE8418164287009994BA</string>
				<string>0FF4AE501815CF0E009994BA</string>
				<string>0FF4AE8C18174A00009994BA</string>
				<string>0FF4AE541815CF0E009994BA</string>
			</array>
			<key>isa</key>
			<string>PBXSourcesBuildPhase</string>
			<key>runOnlyForDeploymentPostprocessing</key>
			<string>0</string>
		</dict>
		<key>0FF4AE3D1815CF0E009994BA</key>
		<dict>
			<key>buildActionMask</key>
			<string>2147483647</string>
			<key>files</key>
			<array>
				<string>0FF4AE8E18174AD5009994BA</string>
				<string>0FF4AE88181643DB009994BA</string>
				<string>0FF4AE86181643CF009994BA</string>
				<string>0FF4AE461815CF0E009994BA</string>
				<string>0FF4AE481815CF0E009994BA</string>
				<string>0FF4AE441815CF0E009994BA</string>
				<string>D16C11F3AF0F45DFBDC8D60D</string>
			</array>
			<key>isa</key>
			<string>PBXFrameworksBuildPhase</string>
			<key>runOnlyForDeploymentPostprocessing</key>
			<string>0</string>
		</dict>
		<key>0FF4AE3E1815CF0E009994BA</key>
		<dict>
			<key>buildActionMask</key>
			<string>2147483647</string>
			<key>files</key>
			<array>
				<string>0FF4AE5A1815CF0E009994BA</string>
				<string>0FF4AE621815CF0E009994BA</string>
				<string>0FF4AE571815CF0E009994BA</string>
				<string>0FF4AE4E1815CF0E009994BA</string>
			</array>
			<key>isa</key>
			<string>PBXResourcesBuildPhase</string>
			<key>runOnlyForDeploymentPostprocessing</key>
			<string>0</string>
		</dict>
		<key>0FF4AE3F1815CF0E009994BA</key>
		<dict>
			<key>buildConfigurationList</key>
			<string>0FF4AE781815CF0E009994BA</string>
			<key>buildPhases</key>
			<array>
				<string>9ADA11BA2FF24E9384A22873</string>
				<string>0FF4AE3C1815CF0E009994BA</string>
				<string>0FF4AE3D1815CF0E009994BA</string>
				<string>0FF4AE3E1815CF0E009994BA</string>
				<string>928A3D78404E4B158A12B5C7</string>
			</array>
			<key>buildRules</key>
			<array/>
			<key>dependencies</key>
			<array/>
			<key>isa</key>
			<string>PBXNativeTarget</string>
			<key>name</key>
			<string>OfflineLogger</string>
			<key>productName</key>
			<string>OfflineLogger</string>
			<key>productReference</key>
			<string>0FF4AE401815CF0E009994BA</string>
			<key>productType</key>
			<string>com.apple.product-type.application</string>
		</dict>
		<key>0FF4AE401815CF0E009994BA</key>
		<dict>
			<key>explicitFileType</key>
			<string>wrapper.application</string>
			<key>includeInIndex</key>
			<string>0</string>
			<key>isa</key>
			<string>PBXFileReference</string>
			<key>path</key>
			<string>OfflineLogger.app</string>
			<key>sourceTree</key>
			<string>BUILT_PRODUCTS_DIR</string>
		</dict>
		<key>0FF4AE411815CF0E009994BA</key>
		<dict>
			<key>children</key>
			<array>
				<string>0FF4AE401815CF0E009994BA</string>
				<string>0FF4AE671815CF0E009994BA</string>
			</array>
			<key>isa</key>
			<string>PBXGroup</string>
			<key>name</key>
			<string>Products</string>
			<key>sourceTree</key>
			<string>&lt;group&gt;</string>
		</dict>
		<key>0FF4AE421815CF0E009994BA</key>
		<dict>
			<key>children</key>
			<array>
				<string>0FF4AE8D18174AD5009994BA</string>
				<string>0FF4AE87181643DB009994BA</string>
				<string>0FF4AE85181643CF009994BA</string>
				<string>0FF4AE431815CF0E009994BA</string>
				<string>0FF4AE451815CF0E009994BA</string>
				<string>0FF4AE471815CF0E009994BA</string>
				<string>0FF4AE681815CF0E009994BA</string>
				<string>F22CB7A36AC74367B58B9F3F</string>
			</array>
			<key>isa</key>
			<string>PBXGroup</string>
			<key>name</key>
			<string>Frameworks</string>
			<key>sourceTree</key>
			<string>&lt;group&gt;</string>
		</dict>
		<key>0FF4AE431815CF0E009994BA</key>
		<dict>
			<key>isa</key>
			<string>PBXFileReference</string>
			<key>lastKnownFileType</key>
			<string>wrapper.framework</string>
			<key>name</key>
			<string>Foundation.framework</string>
			<key>path</key>
			<string>System/Library/Frameworks/Foundation.framework</string>
			<key>sourceTree</key>
			<string>SDKROOT</string>
		</dict>
		<key>0FF4AE441815CF0E009994BA</key>
		<dict>
			<key>fileRef</key>
			<string>0FF4AE431815CF0E009994BA</string>
			<key>isa</key>
			<string>PBXBuildFile</string>
		</dict>
		<key>0FF4AE451815CF0E009994BA</key>
		<dict>
			<key>isa</key>
			<string>PBXFileReference</string>
			<key>lastKnownFileType</key>
			<string>wrapper.framework</string>
			<key>name</key>
			<string>CoreGraphics.framework</string>
			<key>path</key>
			<string>System/Library/Frameworks/CoreGraphics.framework</string>
			<key>sourceTree</key>
			<string>SDKROOT</string>
		</dict>
		<key>0FF4AE461815CF0E009994BA</key>
		<dict>
			<key>fileRef</key>
			<string>0FF4AE451815CF0E009994BA</string>
			<key>isa</key>
			<string>PBXBuildFile</string>
		</dict>
		<key>0FF4AE471815CF0E009994BA</key>
		<dict>
			<key>isa</key>
			<string>PBXFileReference</string>
			<key>lastKnownFileType</key>
			<string>wrapper.framework</string>
			<key>name</key>
			<string>UIKit.framework</string>
			<key>path</key>
			<string>System/Library/Frameworks/UIKit.framework</string>
			<key>sourceTree</key>
			<string>SDKROOT</string>
		</dict>
		<key>0FF4AE481815CF0E009994BA</key>
		<dict>
			<key>fileRef</key>
			<string>0FF4AE471815CF0E009994BA</string>
			<key>isa</key>
			<string>PBXBuildFile</string>
		</dict>
		<key>0FF4AE491815CF0E009994BA</key>
		<dict>
			<key>children</key>
			<array>
				<string>0FF4AE521815CF0E009994BA</string>
				<string>0FF4AE531815CF0E009994BA</string>
				<string>0FF4AE551815CF0E009994BA</string>
				<string>0FF4AE581815CF0E009994BA</string>
				<string>0FF4AE5B1815CF0E009994BA</string>
				<string>0FF4AE5C1815CF0E009994BA</string>
				<string>0FF4AE5E1815CF0E009994BA</string>
				<string>0FF4AE5F1815CF0E009994BA</string>
				<string>0FF4AE8218164287009994BA</string>
				<string>0FF4AE8318164287009994BA</string>
				<string>0FF4AE89181749E1009994BA</string>
				<string>0FF4AE611815CF0E009994BA</string>
				<string>0FF4AE4A1815CF0E009994BA</string>
			</array>
			<key>isa</key>
			<string>PBXGroup</string>
			<key>path</key>
			<string>OfflineLogger</string>
			<key>sourceTree</key>
			<string>&lt;group&gt;</string>
		</dict>
		<key>0FF4AE4A1815CF0E009994BA</key>
		<dict>
			<key>children</key>
			<array>
				<string>0FF4AE4B1815CF0E009994BA</string>
				<string>0FF4AE4C1815CF0E009994BA</string>
				<string>0FF4AE4F1815CF0E009994BA</string>
				<string>0FF4AE511815CF0E009994BA</string>
			</array>
			<key>isa</key>
			<string>PBXGroup</string>
			<key>name</key>
			<string>Supporting Files</string>
			<key>sourceTree</key>
			<string>&lt;group&gt;</string>
		</dict>
		<key>0FF4AE4B1815CF0E009994BA</key>
		<dict>
			<key>isa</key>
			<string>PBXFileReference</string>
			<key>lastKnownFileType</key>
			<string>text.plist.xml</string>
			<key>path</key>
			<string>OfflineLogger-Info.plist</string>
			<key>sourceTree</key>
			<string>&lt;group&gt;</string>
		</dict>
		<key>0FF4AE4C1815CF0E009994BA</key>
		<dict>
			<key>children</key>
			<array>
				<string>0FF4AE4D1815CF0E009994BA</string>
			</array>
			<key>isa</key>
			<string>PBXVariantGroup</string>
			<key>name</key>
			<string>InfoPlist.strings</string>
			<key>sourceTree</key>
			<string>&lt;group&gt;</string>
		</dict>
		<key>0FF4AE4D1815CF0E009994BA</key>
		<dict>
			<key>isa</key>
			<string>PBXFileReference</string>
			<key>lastKnownFileType</key>
			<string>text.plist.strings</string>
			<key>name</key>
			<string>en</string>
			<key>path</key>
			<string>en.lproj/InfoPlist.strings</string>
			<key>sourceTree</key>
			<string>&lt;group&gt;</string>
		</dict>
		<key>0FF4AE4E1815CF0E009994BA</key>
		<dict>
			<key>fileRef</key>
			<string>0FF4AE4C1815CF0E009994BA</string>
			<key>isa</key>
			<string>PBXBuildFile</string>
		</dict>
		<key>0FF4AE4F1815CF0E009994BA</key>
		<dict>
			<key>isa</key>
			<string>PBXFileReference</string>
			<key>lastKnownFileType</key>
			<string>sourcecode.c.objc</string>
			<key>path</key>
			<string>main.m</string>
			<key>sourceTree</key>
			<string>&lt;group&gt;</string>
		</dict>
		<key>0FF4AE501815CF0E009994BA</key>
		<dict>
			<key>fileRef</key>
			<string>0FF4AE4F1815CF0E009994BA</string>
			<key>isa</key>
			<string>PBXBuildFile</string>
		</dict>
		<key>0FF4AE511815CF0E009994BA</key>
		<dict>
			<key>isa</key>
			<string>PBXFileReference</string>
			<key>lastKnownFileType</key>
			<string>sourcecode.c.h</string>
			<key>path</key>
			<string>OfflineLogger-Prefix.pch</string>
			<key>sourceTree</key>
			<string>&lt;group&gt;</string>
		</dict>
		<key>0FF4AE521815CF0E009994BA</key>
		<dict>
			<key>isa</key>
			<string>PBXFileReference</string>
			<key>lastKnownFileType</key>
			<string>sourcecode.c.h</string>
			<key>path</key>
			<string>OLAppDelegate.h</string>
			<key>sourceTree</key>
			<string>&lt;group&gt;</string>
		</dict>
		<key>0FF4AE531815CF0E009994BA</key>
		<dict>
			<key>isa</key>
			<string>PBXFileReference</string>
			<key>lastKnownFileType</key>
			<string>sourcecode.c.objc</string>
			<key>path</key>
			<string>OLAppDelegate.m</string>
			<key>sourceTree</key>
			<string>&lt;group&gt;</string>
		</dict>
		<key>0FF4AE541815CF0E009994BA</key>
		<dict>
			<key>fileRef</key>
			<string>0FF4AE531815CF0E009994BA</string>
			<key>isa</key>
			<string>PBXBuildFile</string>
		</dict>
		<key>0FF4AE551815CF0E009994BA</key>
		<dict>
			<key>children</key>
			<array>
				<string>0FF4AE561815CF0E009994BA</string>
			</array>
			<key>isa</key>
			<string>PBXVariantGroup</string>
			<key>name</key>
			<string>Main_iPhone.storyboard</string>
			<key>sourceTree</key>
			<string>&lt;group&gt;</string>
		</dict>
		<key>0FF4AE561815CF0E009994BA</key>
		<dict>
			<key>isa</key>
			<string>PBXFileReference</string>
			<key>lastKnownFileType</key>
			<string>file.storyboard</string>
			<key>name</key>
			<string>Base</string>
			<key>path</key>
			<string>Base.lproj/Main_iPhone.storyboard</string>
			<key>sourceTree</key>
			<string>&lt;group&gt;</string>
		</dict>
		<key>0FF4AE571815CF0E009994BA</key>
		<dict>
			<key>fileRef</key>
			<string>0FF4AE551815CF0E009994BA</string>
			<key>isa</key>
			<string>PBXBuildFile</string>
		</dict>
		<key>0FF4AE581815CF0E009994BA</key>
		<dict>
			<key>children</key>
			<array>
				<string>0FF4AE591815CF0E009994BA</string>
			</array>
			<key>isa</key>
			<string>PBXVariantGroup</string>
			<key>name</key>
			<string>Main_iPad.storyboard</string>
			<key>sourceTree</key>
			<string>&lt;group&gt;</string>
		</dict>
		<key>0FF4AE591815CF0E009994BA</key>
		<dict>
			<key>isa</key>
			<string>PBXFileReference</string>
			<key>lastKnownFileType</key>
			<string>file.storyboard</string>
			<key>name</key>
			<string>Base</string>
			<key>path</key>
			<string>Base.lproj/Main_iPad.storyboard</string>
			<key>sourceTree</key>
			<string>&lt;group&gt;</string>
		</dict>
		<key>0FF4AE5A1815CF0E009994BA</key>
		<dict>
			<key>fileRef</key>
			<string>0FF4AE581815CF0E009994BA</string>
			<key>isa</key>
			<string>PBXBuildFile</string>
		</dict>
		<key>0FF4AE5B1815CF0E009994BA</key>
		<dict>
			<key>isa</key>
			<string>PBXFileReference</string>
			<key>lastKnownFileType</key>
			<string>sourcecode.c.h</string>
			<key>path</key>
			<string>OLFirstViewController.h</string>
			<key>sourceTree</key>
			<string>&lt;group&gt;</string>
		</dict>
		<key>0FF4AE5C1815CF0E009994BA</key>
		<dict>
			<key>isa</key>
			<string>PBXFileReference</string>
			<key>lastKnownFileType</key>
			<string>sourcecode.c.objc</string>
			<key>path</key>
			<string>OLFirstViewController.m</string>
			<key>sourceTree</key>
			<string>&lt;group&gt;</string>
		</dict>
		<key>0FF4AE5D1815CF0E009994BA</key>
		<dict>
			<key>fileRef</key>
			<string>0FF4AE5C1815CF0E009994BA</string>
			<key>isa</key>
			<string>PBXBuildFile</string>
		</dict>
		<key>0FF4AE5E1815CF0E009994BA</key>
		<dict>
			<key>isa</key>
			<string>PBXFileReference</string>
			<key>lastKnownFileType</key>
			<string>sourcecode.c.h</string>
			<key>path</key>
			<string>OLSecondViewController.h</string>
			<key>sourceTree</key>
			<string>&lt;group&gt;</string>
		</dict>
		<key>0FF4AE5F1815CF0E009994BA</key>
		<dict>
			<key>isa</key>
			<string>PBXFileReference</string>
			<key>lastKnownFileType</key>
			<string>sourcecode.c.objc</string>
			<key>path</key>
			<string>OLSecondViewController.m</string>
			<key>sourceTree</key>
			<string>&lt;group&gt;</string>
		</dict>
		<key>0FF4AE601815CF0E009994BA</key>
		<dict>
			<key>fileRef</key>
			<string>0FF4AE5F1815CF0E009994BA</string>
			<key>isa</key>
			<string>PBXBuildFile</string>
		</dict>
		<key>0FF4AE611815CF0E009994BA</key>
		<dict>
			<key>isa</key>
			<string>PBXFileReference</string>
			<key>lastKnownFileType</key>
			<string>folder.assetcatalog</string>
			<key>path</key>
			<string>Images.xcassets</string>
			<key>sourceTree</key>
			<string>&lt;group&gt;</string>
		</dict>
		<key>0FF4AE621815CF0E009994BA</key>
		<dict>
			<key>fileRef</key>
			<string>0FF4AE611815CF0E009994BA</string>
			<key>isa</key>
			<string>PBXBuildFile</string>
		</dict>
		<key>0FF4AE631815CF0E009994BA</key>
		<dict>
			<key>buildActionMask</key>
			<string>2147483647</string>
			<key>files</key>
			<array>
				<string>0FF4AE751815CF0E009994BA</string>
			</array>
			<key>isa</key>
			<string>PBXSourcesBuildPhase</string>
			<key>runOnlyForDeploymentPostprocessing</key>
			<string>0</string>
		</dict>
		<key>0FF4AE641815CF0E009994BA</key>
		<dict>
			<key>buildActionMask</key>
			<string>2147483647</string>
			<key>files</key>
			<array>
				<string>0FF4AE691815CF0E009994BA</string>
				<string>0FF4AE6B1815CF0E009994BA</string>
				<string>0FF4AE6A1815CF0E009994BA</string>
			</array>
			<key>isa</key>
			<string>PBXFrameworksBuildPhase</string>
			<key>runOnlyForDeploymentPostprocessing</key>
			<string>0</string>
		</dict>
		<key>0FF4AE651815CF0E009994BA</key>
		<dict>
			<key>buildActionMask</key>
			<string>2147483647</string>
			<key>files</key>
			<array>
				<string>0FF4AE731815CF0E009994BA</string>
			</array>
			<key>isa</key>
			<string>PBXResourcesBuildPhase</string>
			<key>runOnlyForDeploymentPostprocessing</key>
			<string>0</string>
		</dict>
		<key>0FF4AE661815CF0E009994BA</key>
		<dict>
			<key>buildConfigurationList</key>
			<string>0FF4AE7B1815CF0E009994BA</string>
			<key>buildPhases</key>
			<array>
				<string>0FF4AE631815CF0E009994BA</string>
				<string>0FF4AE641815CF0E009994BA</string>
				<string>0FF4AE651815CF0E009994BA</string>
			</array>
			<key>buildRules</key>
			<array/>
			<key>dependencies</key>
			<array>
				<string>0FF4AE6D1815CF0E009994BA</string>
			</array>
			<key>isa</key>
			<string>PBXNativeTarget</string>
			<key>name</key>
			<string>OfflineLoggerTests</string>
			<key>productName</key>
			<string>OfflineLoggerTests</string>
			<key>productReference</key>
			<string>0FF4AE671815CF0E009994BA</string>
			<key>productType</key>
			<string>com.apple.product-type.bundle.unit-test</string>
		</dict>
		<key>0FF4AE671815CF0E009994BA</key>
		<dict>
			<key>explicitFileType</key>
			<string>wrapper.cfbundle</string>
			<key>includeInIndex</key>
			<string>0</string>
			<key>isa</key>
			<string>PBXFileReference</string>
			<key>path</key>
			<string>OfflineLoggerTests.xctest</string>
			<key>sourceTree</key>
			<string>BUILT_PRODUCTS_DIR</string>
		</dict>
		<key>0FF4AE681815CF0E009994BA</key>
		<dict>
			<key>isa</key>
			<string>PBXFileReference</string>
			<key>lastKnownFileType</key>
			<string>wrapper.framework</string>
			<key>name</key>
			<string>XCTest.framework</string>
			<key>path</key>
			<string>Library/Frameworks/XCTest.framework</string>
			<key>sourceTree</key>
			<string>DEVELOPER_DIR</string>
		</dict>
		<key>0FF4AE691815CF0E009994BA</key>
		<dict>
			<key>fileRef</key>
			<string>0FF4AE681815CF0E009994BA</string>
			<key>isa</key>
			<string>PBXBuildFile</string>
		</dict>
		<key>0FF4AE6A1815CF0E009994BA</key>
		<dict>
			<key>fileRef</key>
			<string>0FF4AE431815CF0E009994BA</string>
			<key>isa</key>
			<string>PBXBuildFile</string>
		</dict>
		<key>0FF4AE6B1815CF0E009994BA</key>
		<dict>
			<key>fileRef</key>
			<string>0FF4AE471815CF0E009994BA</string>
			<key>isa</key>
			<string>PBXBuildFile</string>
		</dict>
		<key>0FF4AE6C1815CF0E009994BA</key>
		<dict>
			<key>containerPortal</key>
			<string>0FF4AE381815CF0E009994BA</string>
			<key>isa</key>
			<string>PBXContainerItemProxy</string>
			<key>proxyType</key>
			<string>1</string>
			<key>remoteGlobalIDString</key>
			<string>0FF4AE3F1815CF0E009994BA</string>
			<key>remoteInfo</key>
			<string>OfflineLogger</string>
		</dict>
		<key>0FF4AE6D1815CF0E009994BA</key>
		<dict>
			<key>isa</key>
			<string>PBXTargetDependency</string>
			<key>target</key>
			<string>0FF4AE3F1815CF0E009994BA</string>
			<key>targetProxy</key>
			<string>0FF4AE6C1815CF0E009994BA</string>
		</dict>
		<key>0FF4AE6E1815CF0E009994BA</key>
		<dict>
			<key>children</key>
			<array>
				<string>0FF4AE741815CF0E009994BA</string>
				<string>0FF4AE6F1815CF0E009994BA</string>
			</array>
			<key>isa</key>
			<string>PBXGroup</string>
			<key>path</key>
			<string>OfflineLoggerTests</string>
			<key>sourceTree</key>
			<string>&lt;group&gt;</string>
		</dict>
		<key>0FF4AE6F1815CF0E009994BA</key>
		<dict>
			<key>children</key>
			<array>
				<string>0FF4AE701815CF0E009994BA</string>
				<string>0FF4AE711815CF0E009994BA</string>
			</array>
			<key>isa</key>
			<string>PBXGroup</string>
			<key>name</key>
			<string>Supporting Files</string>
			<key>sourceTree</key>
			<string>&lt;group&gt;</string>
		</dict>
		<key>0FF4AE701815CF0E009994BA</key>
		<dict>
			<key>isa</key>
			<string>PBXFileReference</string>
			<key>lastKnownFileType</key>
			<string>text.plist.xml</string>
			<key>path</key>
			<string>OfflineLoggerTests-Info.plist</string>
			<key>sourceTree</key>
			<string>&lt;group&gt;</string>
		</dict>
		<key>0FF4AE711815CF0E009994BA</key>
		<dict>
			<key>children</key>
			<array>
				<string>0FF4AE721815CF0E009994BA</string>
			</array>
			<key>isa</key>
			<string>PBXVariantGroup</string>
			<key>name</key>
			<string>InfoPlist.strings</string>
			<key>sourceTree</key>
			<string>&lt;group&gt;</string>
		</dict>
		<key>0FF4AE721815CF0E009994BA</key>
		<dict>
			<key>isa</key>
			<string>PBXFileReference</string>
			<key>lastKnownFileType</key>
			<string>text.plist.strings</string>
			<key>name</key>
			<string>en</string>
			<key>path</key>
			<string>en.lproj/InfoPlist.strings</string>
			<key>sourceTree</key>
			<string>&lt;group&gt;</string>
		</dict>
		<key>0FF4AE731815CF0E009994BA</key>
		<dict>
			<key>fileRef</key>
			<string>0FF4AE711815CF0E009994BA</string>
			<key>isa</key>
			<string>PBXBuildFile</string>
		</dict>
		<key>0FF4AE741815CF0E009994BA</key>
		<dict>
			<key>isa</key>
			<string>PBXFileReference</string>
			<key>lastKnownFileType</key>
			<string>sourcecode.c.objc</string>
			<key>path</key>
			<string>OfflineLoggerTests.m</string>
			<key>sourceTree</key>
			<string>&lt;group&gt;</string>
		</dict>
		<key>0FF4AE751815CF0E009994BA</key>
		<dict>
			<key>fileRef</key>
			<string>0FF4AE741815CF0E009994BA</string>
			<key>isa</key>
			<string>PBXBuildFile</string>
		</dict>
		<key>0FF4AE761815CF0E009994BA</key>
		<dict>
			<key>buildSettings</key>
			<dict>
				<key>ALWAYS_SEARCH_USER_PATHS</key>
				<string>NO</string>
				<key>ARCHS</key>
				<string>$(ARCHS_STANDARD_INCLUDING_64_BIT)</string>
				<key>CLANG_CXX_LANGUAGE_STANDARD</key>
				<string>gnu++0x</string>
				<key>CLANG_CXX_LIBRARY</key>
				<string>libc++</string>
				<key>CLANG_ENABLE_MODULES</key>
				<string>YES</string>
				<key>CLANG_ENABLE_OBJC_ARC</key>
				<string>YES</string>
				<key>CLANG_WARN_BOOL_CONVERSION</key>
				<string>YES</string>
				<key>CLANG_WARN_CONSTANT_CONVERSION</key>
				<string>YES</string>
				<key>CLANG_WARN_DIRECT_OBJC_ISA_USAGE</key>
				<string>YES_ERROR</string>
				<key>CLANG_WARN_EMPTY_BODY</key>
				<string>YES</string>
				<key>CLANG_WARN_ENUM_CONVERSION</key>
				<string>YES</string>
				<key>CLANG_WARN_INT_CONVERSION</key>
				<string>YES</string>
				<key>CLANG_WARN_OBJC_ROOT_CLASS</key>
				<string>YES_ERROR</string>
				<key>CLANG_WARN__DUPLICATE_METHOD_MATCH</key>
				<string>YES</string>
				<key>CODE_SIGN_IDENTITY[sdk=iphoneos*]</key>
				<string>iPhone Developer</string>
				<key>COPY_PHASE_STRIP</key>
				<string>NO</string>
				<key>GCC_C_LANGUAGE_STANDARD</key>
				<string>gnu99</string>
				<key>GCC_DYNAMIC_NO_PIC</key>
				<string>NO</string>
				<key>GCC_OPTIMIZATION_LEVEL</key>
				<string>0</string>
				<key>GCC_PREPROCESSOR_DEFINITIONS</key>
				<array>
					<string>DEBUG=1</string>
					<string>$(inherited)</string>
				</array>
				<key>GCC_SYMBOLS_PRIVATE_EXTERN</key>
				<string>NO</string>
				<key>GCC_WARN_64_TO_32_BIT_CONVERSION</key>
				<string>YES</string>
				<key>GCC_WARN_ABOUT_RETURN_TYPE</key>
				<string>YES_ERROR</string>
				<key>GCC_WARN_UNDECLARED_SELECTOR</key>
				<string>YES</string>
				<key>GCC_WARN_UNINITIALIZED_AUTOS</key>
				<string>YES</string>
				<key>GCC_WARN_UNUSED_FUNCTION</key>
				<string>YES</string>
				<key>GCC_WARN_UNUSED_VARIABLE</key>
				<string>YES</string>
				<key>IPHONEOS_DEPLOYMENT_TARGET</key>
				<string>7.0</string>
				<key>ONLY_ACTIVE_ARCH</key>
				<string>YES</string>
				<key>SDKROOT</key>
				<string>iphoneos</string>
				<key>TARGETED_DEVICE_FAMILY</key>
				<string>1,2</string>
			</dict>
			<key>isa</key>
			<string>XCBuildConfiguration</string>
			<key>name</key>
			<string>Debug</string>
		</dict>
		<key>0FF4AE771815CF0E009994BA</key>
		<dict>
			<key>buildSettings</key>
			<dict>
				<key>ALWAYS_SEARCH_USER_PATHS</key>
				<string>NO</string>
				<key>ARCHS</key>
				<string>$(ARCHS_STANDARD_INCLUDING_64_BIT)</string>
				<key>CLANG_CXX_LANGUAGE_STANDARD</key>
				<string>gnu++0x</string>
				<key>CLANG_CXX_LIBRARY</key>
				<string>libc++</string>
				<key>CLANG_ENABLE_MODULES</key>
				<string>YES</string>
				<key>CLANG_ENABLE_OBJC_ARC</key>
				<string>YES</string>
				<key>CLANG_WARN_BOOL_CONVERSION</key>
				<string>YES</string>
				<key>CLANG_WARN_CONSTANT_CONVERSION</key>
				<string>YES</string>
				<key>CLANG_WARN_DIRECT_OBJC_ISA_USAGE</key>
				<string>YES_ERROR</string>
				<key>CLANG_WARN_EMPTY_BODY</key>
				<string>YES</string>
				<key>CLANG_WARN_ENUM_CONVERSION</key>
				<string>YES</string>
				<key>CLANG_WARN_INT_CONVERSION</key>
				<string>YES</string>
				<key>CLANG_WARN_OBJC_ROOT_CLASS</key>
				<string>YES_ERROR</string>
				<key>CLANG_WARN__DUPLICATE_METHOD_MATCH</key>
				<string>YES</string>
				<key>CODE_SIGN_IDENTITY[sdk=iphoneos*]</key>
				<string>iPhone Developer</string>
				<key>COPY_PHASE_STRIP</key>
				<string>YES</string>
				<key>ENABLE_NS_ASSERTIONS</key>
				<string>NO</string>
				<key>GCC_C_LANGUAGE_STANDARD</key>
				<string>gnu99</string>
				<key>GCC_WARN_64_TO_32_BIT_CONVERSION</key>
				<string>YES</string>
				<key>GCC_WARN_ABOUT_RETURN_TYPE</key>
				<string>YES_ERROR</string>
				<key>GCC_WARN_UNDECLARED_SELECTOR</key>
				<string>YES</string>
				<key>GCC_WARN_UNINITIALIZED_AUTOS</key>
				<string>YES</string>
				<key>GCC_WARN_UNUSED_FUNCTION</key>
				<string>YES</string>
				<key>GCC_WARN_UNUSED_VARIABLE</key>
				<string>YES</string>
				<key>IPHONEOS_DEPLOYMENT_TARGET</key>
				<string>7.0</string>
				<key>SDKROOT</key>
				<string>iphoneos</string>
				<key>TARGETED_DEVICE_FAMILY</key>
				<string>1,2</string>
				<key>VALIDATE_PRODUCT</key>
				<string>YES</string>
			</dict>
			<key>isa</key>
			<string>XCBuildConfiguration</string>
			<key>name</key>
			<string>Release</string>
		</dict>
		<key>0FF4AE781815CF0E009994BA</key>
		<dict>
			<key>buildConfigurations</key>
			<array>
				<string>0FF4AE791815CF0E009994BA</string>
				<string>0FF4AE7A1815CF0E009994BA</string>
			</array>
			<key>defaultConfigurationIsVisible</key>
			<string>0</string>
			<key>isa</key>
			<string>XCConfigurationList</string>
		</dict>
		<key>0FF4AE791815CF0E009994BA</key>
		<dict>
			<key>baseConfigurationReference</key>
			<string>424757434BB94BA29BA78D6B</string>
			<key>buildSettings</key>
			<dict>
				<key>ASSETCATALOG_COMPILER_APPICON_NAME</key>
				<string>AppIcon</string>
				<key>ASSETCATALOG_COMPILER_LAUNCHIMAGE_NAME</key>
				<string>LaunchImage</string>
				<key>CODE_SIGN_IDENTITY</key>
				<string>iPhone Developer</string>
				<key>CODE_SIGN_IDENTITY[sdk=iphoneos*]</key>
				<string>iPhone Developer</string>
				<key>GCC_PRECOMPILE_PREFIX_HEADER</key>
				<string>YES</string>
				<key>GCC_PREFIX_HEADER</key>
				<string>OfflineLogger/OfflineLogger-Prefix.pch</string>
				<key>INFOPLIST_FILE</key>
				<string>OfflineLogger/OfflineLogger-Info.plist</string>
				<key>PRODUCT_NAME</key>
				<string>$(TARGET_NAME)</string>
				<key>PROVISIONING_PROFILE</key>
				<string>43A2D139-4271-490D-8299-15F1F9800D08</string>
				<key>WRAPPER_EXTENSION</key>
				<string>app</string>
			</dict>
			<key>isa</key>
			<string>XCBuildConfiguration</string>
			<key>name</key>
			<string>Debug</string>
		</dict>
		<key>0FF4AE7A1815CF0E009994BA</key>
		<dict>
			<key>baseConfigurationReference</key>
			<string>424757434BB94BA29BA78D6B</string>
			<key>buildSettings</key>
			<dict>
				<key>ASSETCATALOG_COMPILER_APPICON_NAME</key>
				<string>AppIcon</string>
				<key>ASSETCATALOG_COMPILER_LAUNCHIMAGE_NAME</key>
				<string>LaunchImage</string>
				<key>CODE_SIGN_IDENTITY</key>
				<string>iPhone Developer</string>
				<key>CODE_SIGN_IDENTITY[sdk=iphoneos*]</key>
				<string>iPhone Developer</string>
				<key>GCC_PRECOMPILE_PREFIX_HEADER</key>
				<string>YES</string>
				<key>GCC_PREFIX_HEADER</key>
				<string>OfflineLogger/OfflineLogger-Prefix.pch</string>
				<key>INFOPLIST_FILE</key>
				<string>OfflineLogger/OfflineLogger-Info.plist</string>
				<key>PRODUCT_NAME</key>
				<string>$(TARGET_NAME)</string>
				<key>PROVISIONING_PROFILE</key>
				<string>43A2D139-4271-490D-8299-15F1F9800D08</string>
				<key>WRAPPER_EXTENSION</key>
				<string>app</string>
			</dict>
			<key>isa</key>
			<string>XCBuildConfiguration</string>
			<key>name</key>
			<string>Release</string>
		</dict>
		<key>0FF4AE7B1815CF0E009994BA</key>
		<dict>
			<key>buildConfigurations</key>
			<array>
				<string>0FF4AE7C1815CF0E009994BA</string>
				<string>0FF4AE7D1815CF0E009994BA</string>
			</array>
			<key>defaultConfigurationIsVisible</key>
			<string>0</string>
			<key>isa</key>
			<string>XCConfigurationList</string>
		</dict>
		<key>0FF4AE7C1815CF0E009994BA</key>
		<dict>
			<key>buildSettings</key>
			<dict>
				<key>ARCHS</key>
				<string>$(ARCHS_STANDARD_INCLUDING_64_BIT)</string>
				<key>BUNDLE_LOADER</key>
				<string>$(BUILT_PRODUCTS_DIR)/OfflineLogger.app/OfflineLogger</string>
				<key>FRAMEWORK_SEARCH_PATHS</key>
				<array>
					<string>$(SDKROOT)/Developer/Library/Frameworks</string>
					<string>$(inherited)</string>
					<string>$(DEVELOPER_FRAMEWORKS_DIR)</string>
				</array>
				<key>GCC_PRECOMPILE_PREFIX_HEADER</key>
				<string>YES</string>
				<key>GCC_PREFIX_HEADER</key>
				<string>OfflineLogger/OfflineLogger-Prefix.pch</string>
				<key>GCC_PREPROCESSOR_DEFINITIONS</key>
				<array>
					<string>DEBUG=1</string>
					<string>$(inherited)</string>
				</array>
				<key>INFOPLIST_FILE</key>
				<string>OfflineLoggerTests/OfflineLoggerTests-Info.plist</string>
				<key>PRODUCT_NAME</key>
				<string>$(TARGET_NAME)</string>
				<key>TEST_HOST</key>
				<string>$(BUNDLE_LOADER)</string>
				<key>WRAPPER_EXTENSION</key>
				<string>xctest</string>
			</dict>
			<key>isa</key>
			<string>XCBuildConfiguration</string>
			<key>name</key>
			<string>Debug</string>
		</dict>
		<key>0FF4AE7D1815CF0E009994BA</key>
		<dict>
			<key>buildSettings</key>
			<dict>
				<key>ARCHS</key>
				<string>$(ARCHS_STANDARD_INCLUDING_64_BIT)</string>
				<key>BUNDLE_LOADER</key>
				<string>$(BUILT_PRODUCTS_DIR)/OfflineLogger.app/OfflineLogger</string>
				<key>FRAMEWORK_SEARCH_PATHS</key>
				<array>
					<string>$(SDKROOT)/Developer/Library/Frameworks</string>
					<string>$(inherited)</string>
					<string>$(DEVELOPER_FRAMEWORKS_DIR)</string>
				</array>
				<key>GCC_PRECOMPILE_PREFIX_HEADER</key>
				<string>YES</string>
				<key>GCC_PREFIX_HEADER</key>
				<string>OfflineLogger/OfflineLogger-Prefix.pch</string>
				<key>INFOPLIST_FILE</key>
				<string>OfflineLoggerTests/OfflineLoggerTests-Info.plist</string>
				<key>PRODUCT_NAME</key>
				<string>$(TARGET_NAME)</string>
				<key>TEST_HOST</key>
				<string>$(BUNDLE_LOADER)</string>
				<key>WRAPPER_EXTENSION</key>
				<string>xctest</string>
			</dict>
			<key>isa</key>
			<string>XCBuildConfiguration</string>
			<key>name</key>
			<string>Release</string>
		</dict>
		<key>0FF4AE8218164287009994BA</key>
		<dict>
			<key>fileEncoding</key>
			<string>4</string>
			<key>isa</key>
			<string>PBXFileReference</string>
			<key>lastKnownFileType</key>
			<string>sourcecode.c.h</string>
			<key>path</key>
			<string>OLManager.h</string>
			<key>sourceTree</key>
			<string>&lt;group&gt;</string>
		</dict>
		<key>0FF4AE8318164287009994BA</key>
		<dict>
			<key>fileEncoding</key>
			<string>4</string>
			<key>isa</key>
			<string>PBXFileReference</string>
			<key>lastKnownFileType</key>
			<string>sourcecode.c.objc</string>
			<key>path</key>
			<string>OLManager.m</string>
			<key>sourceTree</key>
			<string>&lt;group&gt;</string>
		</dict>
		<key>0FF4AE8418164287009994BA</key>
		<dict>
			<key>fileRef</key>
			<string>0FF4AE8318164287009994BA</string>
			<key>isa</key>
			<string>PBXBuildFile</string>
		</dict>
		<key>0FF4AE85181643CF009994BA</key>
		<dict>
			<key>isa</key>
			<string>PBXFileReference</string>
			<key>lastKnownFileType</key>
			<string>wrapper.framework</string>
			<key>name</key>
			<string>CoreLocation.framework</string>
			<key>path</key>
			<string>System/Library/Frameworks/CoreLocation.framework</string>
			<key>sourceTree</key>
			<string>SDKROOT</string>
		</dict>
		<key>0FF4AE86181643CF009994BA</key>
		<dict>
			<key>fileRef</key>
			<string>0FF4AE85181643CF009994BA</string>
			<key>isa</key>
			<string>PBXBuildFile</string>
		</dict>
		<key>0FF4AE87181643DB009994BA</key>
		<dict>
			<key>isa</key>
			<string>PBXFileReference</string>
			<key>lastKnownFileType</key>
			<string>wrapper.framework</string>
			<key>name</key>
			<string>CoreMotion.framework</string>
			<key>path</key>
			<string>System/Library/Frameworks/CoreMotion.framework</string>
			<key>sourceTree</key>
			<string>SDKROOT</string>
		</dict>
		<key>0FF4AE88181643DB009994BA</key>
		<dict>
			<key>fileRef</key>
			<string>0FF4AE87181643DB009994BA</string>
			<key>isa</key>
			<string>PBXBuildFile</string>
		</dict>
		<key>0FF4AE89181749E1009994BA</key>
		<dict>
			<key>children</key>
			<array>
				<string>0FF4AE8A18174A00009994BA</string>
				<string>0FF4AE8B18174A00009994BA</string>
			</array>
			<key>isa</key>
			<string>PBXGroup</string>
			<key>name</key>
			<string>LOLDB</string>
			<key>sourceTree</key>
			<string>&lt;group&gt;</string>
		</dict>
		<key>0FF4AE8A18174A00009994BA</key>
		<dict>
			<key>fileEncoding</key>
			<string>4</string>
			<key>isa</key>
			<string>PBXFileReference</string>
			<key>lastKnownFileType</key>
			<string>sourcecode.c.h</string>
			<key>name</key>
			<string>LOLDatabase.h</string>
			<key>path</key>
			<string>LOLDB/LOLDatabase.h</string>
			<key>sourceTree</key>
			<string>&lt;group&gt;</string>
		</dict>
		<key>0FF4AE8B18174A00009994BA</key>
		<dict>
			<key>fileEncoding</key>
			<string>4</string>
			<key>isa</key>
			<string>PBXFileReference</string>
			<key>lastKnownFileType</key>
			<string>sourcecode.c.objc</string>
			<key>name</key>
			<string>LOLDatabase.m</string>
			<key>path</key>
			<string>LOLDB/LOLDatabase.m</string>
			<key>sourceTree</key>
			<string>&lt;group&gt;</string>
		</dict>
		<key>0FF4AE8C18174A00009994BA</key>
		<dict>
			<key>fileRef</key>
			<string>0FF4AE8B18174A00009994BA</string>
			<key>isa</key>
			<string>PBXBuildFile</string>
		</dict>
		<key>0FF4AE8D18174AD5009994BA</key>
		<dict>
			<key>isa</key>
			<string>PBXFileReference</string>
			<key>lastKnownFileType</key>
			<string>compiled.mach-o.dylib</string>
			<key>name</key>
			<string>libsqlite3.dylib</string>
			<key>path</key>
			<string>usr/lib/libsqlite3.dylib</string>
			<key>sourceTree</key>
			<string>SDKROOT</string>
		</dict>
		<key>0FF4AE8E18174AD5009994BA</key>
		<dict>
			<key>fileRef</key>
			<string>0FF4AE8D18174AD5009994BA</string>
			<key>isa</key>
			<string>PBXBuildFile</string>
		</dict>
		<key>424757434BB94BA29BA78D6B</key>
		<dict>
			<key>includeInIndex</key>
			<string>1</string>
			<key>isa</key>
			<string>PBXFileReference</string>
			<key>lastKnownFileType</key>
			<string>text.xcconfig</string>
			<key>name</key>
			<string>Pods.xcconfig</string>
			<key>path</key>
			<string>Pods/Pods.xcconfig</string>
			<key>sourceTree</key>
			<string>&lt;group&gt;</string>
		</dict>
		<key>928A3D78404E4B158A12B5C7</key>
		<dict>
			<key>buildActionMask</key>
			<string>2147483647</string>
			<key>files</key>
			<array/>
			<key>inputPaths</key>
			<array/>
			<key>isa</key>
			<string>PBXShellScriptBuildPhase</string>
			<key>name</key>
			<string>Copy Pods Resources</string>
			<key>outputPaths</key>
			<array/>
			<key>runOnlyForDeploymentPostprocessing</key>
			<string>0</string>
			<key>shellPath</key>
			<string>/bin/sh</string>
			<key>shellScript</key>
			<string>"${SRCROOT}/Pods/Pods-resources.sh"
</string>
			<key>showEnvVarsInLog</key>
			<string>0</string>
		</dict>
		<key>9ADA11BA2FF24E9384A22873</key>
		<dict>
			<key>buildActionMask</key>
			<string>2147483647</string>
			<key>files</key>
			<array/>
			<key>inputPaths</key>
			<array/>
			<key>isa</key>
			<string>PBXShellScriptBuildPhase</string>
			<key>name</key>
			<string>Check Pods Manifest.lock</string>
			<key>outputPaths</key>
			<array/>
			<key>runOnlyForDeploymentPostprocessing</key>
			<string>0</string>
			<key>shellPath</key>
			<string>/bin/sh</string>
			<key>shellScript</key>
			<string>diff "${PODS_ROOT}/../Podfile.lock" "${PODS_ROOT}/Manifest.lock" &gt; /dev/null
if [[ $? != 0 ]] ; then
    cat &lt;&lt; EOM
error: The sandbox is not in sync with the Podfile.lock. Run 'pod install' or update your CocoaPods installation.
EOM
    exit 1
fi
</string>
			<key>showEnvVarsInLog</key>
			<string>0</string>
		</dict>
		<key>D16C11F3AF0F45DFBDC8D60D</key>
		<dict>
			<key>fileRef</key>
			<string>F22CB7A36AC74367B58B9F3F</string>
			<key>isa</key>
			<string>PBXBuildFile</string>
		</dict>
		<key>F22CB7A36AC74367B58B9F3F</key>
		<dict>
			<key>explicitFileType</key>
			<string>archive.ar</string>
			<key>includeInIndex</key>
			<string>0</string>
			<key>isa</key>
			<string>PBXFileReference</string>
			<key>path</key>
			<string>libPods.a</string>
			<key>sourceTree</key>
			<string>BUILT_PRODUCTS_DIR</string>
		</dict>
	</dict>
	<key>rootObject</key>
	<string>0FF4AE381815CF0E009994BA</string>
</dict>
</plist>
