// !$*UTF8*$!
{
	archiveVersion = 1;
	classes = {
	};
	objectVersion = 46;
	objects = {

/* Begin PBXBuildFile section */
		0F3E5210201E543200DCFAA4 /* OpenSansCondensed-Bold.ttf in Resources */ = {isa = PBXBuildFile; fileRef = 0F3E520E201E543200DCFAA4 /* OpenSansCondensed-Bold.ttf */; };
		0F3E5211201E543200DCFAA4 /* OpenSansCondensed-Light.ttf in Resources */ = {isa = PBXBuildFile; fileRef = 0F3E520F201E543200DCFAA4 /* OpenSansCondensed-Light.ttf */; };
		0F3E5213201E551000DCFAA4 /* OpenSans-Light.ttf in Resources */ = {isa = PBXBuildFile; fileRef = 0F3E5212201E54FB00DCFAA4 /* OpenSans-Light.ttf */; };
		0F444F0C1BD04A7E00106C2E /* TripModeViewController.m in Sources */ = {isa = PBXBuildFile; fileRef = 0F444F0B1BD04A7E00106C2E /* TripModeViewController.m */; };
		0F70ECDA1FA663F2006F43C2 /* SystemConfiguration.framework in Frameworks */ = {isa = PBXBuildFile; fileRef = 0F70ECD91FA663F2006F43C2 /* SystemConfiguration.framework */; };
		0FB85AC01BE0151800F25126 /* ExternalAccessory.framework in Frameworks */ = {isa = PBXBuildFile; fileRef = 0FB85ABF1BE0151800F25126 /* ExternalAccessory.framework */; };
		0FCF53251F81AB0800577A0F /* UserNotifications.framework in Frameworks */ = {isa = PBXBuildFile; fileRef = 0FCF53241F81AB0800577A0F /* UserNotifications.framework */; };
		0FCF532E1F83FDBC00577A0F /* EndpointViewController.m in Sources */ = {isa = PBXBuildFile; fileRef = 0FCF532D1F83FDBC00577A0F /* EndpointViewController.m */; };
		0FFD31571BAB7A34009B3A03 /* main.m in Sources */ = {isa = PBXBuildFile; fileRef = 0FFD31561BAB7A34009B3A03 /* main.m */; };
		0FFD315A1BAB7A34009B3A03 /* AppDelegate.m in Sources */ = {isa = PBXBuildFile; fileRef = 0FFD31591BAB7A34009B3A03 /* AppDelegate.m */; };
		0FFD315D1BAB7A34009B3A03 /* FirstViewController.m in Sources */ = {isa = PBXBuildFile; fileRef = 0FFD315C1BAB7A34009B3A03 /* FirstViewController.m */; };
		0FFD31601BAB7A34009B3A03 /* SecondViewController.m in Sources */ = {isa = PBXBuildFile; fileRef = 0FFD315F1BAB7A34009B3A03 /* SecondViewController.m */; };
		0FFD31631BAB7A34009B3A03 /* Main.storyboard in Resources */ = {isa = PBXBuildFile; fileRef = 0FFD31611BAB7A34009B3A03 /* Main.storyboard */; };
		0FFD31651BAB7A34009B3A03 /* Assets.xcassets in Resources */ = {isa = PBXBuildFile; fileRef = 0FFD31641BAB7A34009B3A03 /* Assets.xcassets */; };
		0FFD31681BAB7A34009B3A03 /* LaunchScreen.storyboard in Resources */ = {isa = PBXBuildFile; fileRef = 0FFD31661BAB7A34009B3A03 /* LaunchScreen.storyboard */; };
		0FFD31731BAB7BEA009B3A03 /* GLManager.m in Sources */ = {isa = PBXBuildFile; fileRef = 0FFD31721BAB7BEA009B3A03 /* GLManager.m */; };
		0FFD31781BAB7C7F009B3A03 /* CoreLocation.framework in Frameworks */ = {isa = PBXBuildFile; fileRef = 0FFD31741BAB7C7F009B3A03 /* CoreLocation.framework */; };
		0FFD31791BAB7C7F009B3A03 /* CoreMotion.framework in Frameworks */ = {isa = PBXBuildFile; fileRef = 0FFD31751BAB7C7F009B3A03 /* CoreMotion.framework */; };
		0FFD317A1BAB7C7F009B3A03 /* libsqlite3.tbd in Frameworks */ = {isa = PBXBuildFile; fileRef = 0FFD31761BAB7C7F009B3A03 /* libsqlite3.tbd */; };
		0FFD317B1BAB7C7F009B3A03 /* UIKit.framework in Frameworks */ = {isa = PBXBuildFile; fileRef = 0FFD31771BAB7C7F009B3A03 /* UIKit.framework */; };
		0FFD317F1BAB7CC7009B3A03 /* LOLDatabase.m in Sources */ = {isa = PBXBuildFile; fileRef = 0FFD317E1BAB7CC7009B3A03 /* LOLDatabase.m */; };
		8183E0B8511C19EFE40B4968 /* libPods-Overland.a in Frameworks */ = {isa = PBXBuildFile; fileRef = 0B116CEB2CDAE394B0E751C3 /* libPods-Overland.a */; };
/* End PBXBuildFile section */

/* Begin PBXFileReference section */
		0B116CEB2CDAE394B0E751C3 /* libPods-Overland.a */ = {isa = PBXFileReference; explicitFileType = archive.ar; includeInIndex = 0; path = "libPods-Overland.a"; sourceTree = BUILT_PRODUCTS_DIR; };
		0EA5D0C438025E39B960A661 /* Pods-Overland.debug.xcconfig */ = {isa = PBXFileReference; includeInIndex = 1; lastKnownFileType = text.xcconfig; name = "Pods-Overland.debug.xcconfig"; path = "Pods/Target Support Files/Pods-Overland/Pods-Overland.debug.xcconfig"; sourceTree = "<group>"; };
		0F3E520E201E543200DCFAA4 /* OpenSansCondensed-Bold.ttf */ = {isa = PBXFileReference; lastKnownFileType = file; name = "OpenSansCondensed-Bold.ttf"; path = "Fonts/OpenSansCondensed-Bold.ttf"; sourceTree = SOURCE_ROOT; };
		0F3E520F201E543200DCFAA4 /* OpenSansCondensed-Light.ttf */ = {isa = PBXFileReference; lastKnownFileType = file; name = "OpenSansCondensed-Light.ttf"; path = "Fonts/OpenSansCondensed-Light.ttf"; sourceTree = SOURCE_ROOT; };
		0F3E5212201E54FB00DCFAA4 /* OpenSans-Light.ttf */ = {isa = PBXFileReference; lastKnownFileType = file; name = "OpenSans-Light.ttf"; path = "Fonts/OpenSans-Light.ttf"; sourceTree = SOURCE_ROOT; };
		0F444F0A1BD04A7E00106C2E /* TripModeViewController.h */ = {isa = PBXFileReference; fileEncoding = 4; lastKnownFileType = sourcecode.c.h; path = TripModeViewController.h; sourceTree = "<group>"; };
		0F444F0B1BD04A7E00106C2E /* TripModeViewController.m */ = {isa = PBXFileReference; fileEncoding = 4; lastKnownFileType = sourcecode.c.objc; path = TripModeViewController.m; sourceTree = "<group>"; };
		0F70ECD91FA663F2006F43C2 /* SystemConfiguration.framework */ = {isa = PBXFileReference; lastKnownFileType = wrapper.framework; name = SystemConfiguration.framework; path = System/Library/Frameworks/SystemConfiguration.framework; sourceTree = SDKROOT; };
		0FB85ABD1BE0151300F25126 /* CoreBluetooth.framework */ = {isa = PBXFileReference; lastKnownFileType = wrapper.framework; name = CoreBluetooth.framework; path = System/Library/Frameworks/CoreBluetooth.framework; sourceTree = SDKROOT; };
		0FB85ABF1BE0151800F25126 /* ExternalAccessory.framework */ = {isa = PBXFileReference; lastKnownFileType = wrapper.framework; name = ExternalAccessory.framework; path = System/Library/Frameworks/ExternalAccessory.framework; sourceTree = SDKROOT; };
		0FCF53231F81AAAC00577A0F /* GPSLogger.entitlements */ = {isa = PBXFileReference; lastKnownFileType = text.plist.entitlements; path = GPSLogger.entitlements; sourceTree = "<group>"; };
		0FCF53241F81AB0800577A0F /* UserNotifications.framework */ = {isa = PBXFileReference; lastKnownFileType = wrapper.framework; name = UserNotifications.framework; path = System/Library/Frameworks/UserNotifications.framework; sourceTree = SDKROOT; };
		0FCF532C1F83FDBC00577A0F /* EndpointViewController.h */ = {isa = PBXFileReference; lastKnownFileType = sourcecode.c.h; path = EndpointViewController.h; sourceTree = "<group>"; };
		0FCF532D1F83FDBC00577A0F /* EndpointViewController.m */ = {isa = PBXFileReference; lastKnownFileType = sourcecode.c.objc; path = EndpointViewController.m; sourceTree = "<group>"; };
		0FFD31521BAB7A34009B3A03 /* Overland.app */ = {isa = PBXFileReference; explicitFileType = wrapper.application; includeInIndex = 0; path = Overland.app; sourceTree = BUILT_PRODUCTS_DIR; };
		0FFD31561BAB7A34009B3A03 /* main.m */ = {isa = PBXFileReference; lastKnownFileType = sourcecode.c.objc; path = main.m; sourceTree = "<group>"; };
		0FFD31581BAB7A34009B3A03 /* AppDelegate.h */ = {isa = PBXFileReference; lastKnownFileType = sourcecode.c.h; path = AppDelegate.h; sourceTree = "<group>"; };
		0FFD31591BAB7A34009B3A03 /* AppDelegate.m */ = {isa = PBXFileReference; lastKnownFileType = sourcecode.c.objc; path = AppDelegate.m; sourceTree = "<group>"; };
		0FFD315B1BAB7A34009B3A03 /* FirstViewController.h */ = {isa = PBXFileReference; lastKnownFileType = sourcecode.c.h; path = FirstViewController.h; sourceTree = "<group>"; };
		0FFD315C1BAB7A34009B3A03 /* FirstViewController.m */ = {isa = PBXFileReference; lastKnownFileType = sourcecode.c.objc; path = FirstViewController.m; sourceTree = "<group>"; };
		0FFD315E1BAB7A34009B3A03 /* SecondViewController.h */ = {isa = PBXFileReference; lastKnownFileType = sourcecode.c.h; path = SecondViewController.h; sourceTree = "<group>"; };
		0FFD315F1BAB7A34009B3A03 /* SecondViewController.m */ = {isa = PBXFileReference; lastKnownFileType = sourcecode.c.objc; path = SecondViewController.m; sourceTree = "<group>"; };
		0FFD31621BAB7A34009B3A03 /* Base */ = {isa = PBXFileReference; lastKnownFileType = file.storyboard; name = Base; path = Base.lproj/Main.storyboard; sourceTree = "<group>"; };
		0FFD31641BAB7A34009B3A03 /* Assets.xcassets */ = {isa = PBXFileReference; lastKnownFileType = folder.assetcatalog; path = Assets.xcassets; sourceTree = "<group>"; };
		0FFD31671BAB7A34009B3A03 /* Base */ = {isa = PBXFileReference; lastKnownFileType = file.storyboard; name = Base; path = Base.lproj/LaunchScreen.storyboard; sourceTree = "<group>"; };
		0FFD31691BAB7A34009B3A03 /* Info.plist */ = {isa = PBXFileReference; lastKnownFileType = text.plist.xml; path = Info.plist; sourceTree = "<group>"; };
		0FFD31711BAB7BEA009B3A03 /* GLManager.h */ = {isa = PBXFileReference; fileEncoding = 4; lastKnownFileType = sourcecode.c.h; path = GLManager.h; sourceTree = "<group>"; };
		0FFD31721BAB7BEA009B3A03 /* GLManager.m */ = {isa = PBXFileReference; fileEncoding = 4; lastKnownFileType = sourcecode.c.objc; path = GLManager.m; sourceTree = "<group>"; };
		0FFD31741BAB7C7F009B3A03 /* CoreLocation.framework */ = {isa = PBXFileReference; lastKnownFileType = wrapper.framework; name = CoreLocation.framework; path = System/Library/Frameworks/CoreLocation.framework; sourceTree = SDKROOT; };
		0FFD31751BAB7C7F009B3A03 /* CoreMotion.framework */ = {isa = PBXFileReference; lastKnownFileType = wrapper.framework; name = CoreMotion.framework; path = System/Library/Frameworks/CoreMotion.framework; sourceTree = SDKROOT; };
		0FFD31761BAB7C7F009B3A03 /* libsqlite3.tbd */ = {isa = PBXFileReference; lastKnownFileType = "sourcecode.text-based-dylib-definition"; name = libsqlite3.tbd; path = usr/lib/libsqlite3.tbd; sourceTree = SDKROOT; };
		0FFD31771BAB7C7F009B3A03 /* UIKit.framework */ = {isa = PBXFileReference; lastKnownFileType = wrapper.framework; name = UIKit.framework; path = System/Library/Frameworks/UIKit.framework; sourceTree = SDKROOT; };
		0FFD317D1BAB7CC7009B3A03 /* LOLDatabase.h */ = {isa = PBXFileReference; fileEncoding = 4; lastKnownFileType = sourcecode.c.h; path = LOLDatabase.h; sourceTree = "<group>"; };
		0FFD317E1BAB7CC7009B3A03 /* LOLDatabase.m */ = {isa = PBXFileReference; fileEncoding = 4; lastKnownFileType = sourcecode.c.objc; path = LOLDatabase.m; sourceTree = "<group>"; };
		62EFAE52E9C3E037A782C9E9 /* Pods-Overland.release.xcconfig */ = {isa = PBXFileReference; includeInIndex = 1; lastKnownFileType = text.xcconfig; name = "Pods-Overland.release.xcconfig"; path = "Pods/Target Support Files/Pods-Overland/Pods-Overland.release.xcconfig"; sourceTree = "<group>"; };
/* End PBXFileReference section */

/* Begin PBXFrameworksBuildPhase section */
		0FFD314F1BAB7A34009B3A03 /* Frameworks */ = {
			isa = PBXFrameworksBuildPhase;
			buildActionMask = 2147483647;
			files = (
				0F70ECDA1FA663F2006F43C2 /* SystemConfiguration.framework in Frameworks */,
				0FCF53251F81AB0800577A0F /* UserNotifications.framework in Frameworks */,
				0FB85AC01BE0151800F25126 /* ExternalAccessory.framework in Frameworks */,
				0FFD31781BAB7C7F009B3A03 /* CoreLocation.framework in Frameworks */,
				0FFD31791BAB7C7F009B3A03 /* CoreMotion.framework in Frameworks */,
				0FFD317A1BAB7C7F009B3A03 /* libsqlite3.tbd in Frameworks */,
				0FFD317B1BAB7C7F009B3A03 /* UIKit.framework in Frameworks */,
				8183E0B8511C19EFE40B4968 /* libPods-Overland.a in Frameworks */,
			);
			runOnlyForDeploymentPostprocessing = 0;
		};
/* End PBXFrameworksBuildPhase section */

/* Begin PBXGroup section */
		0BE775F16162CE9DF6AE0775 /* Frameworks */ = {
			isa = PBXGroup;
			children = (
				0F70ECD91FA663F2006F43C2 /* SystemConfiguration.framework */,
				0FCF53241F81AB0800577A0F /* UserNotifications.framework */,
				0FB85ABF1BE0151800F25126 /* ExternalAccessory.framework */,
				0FB85ABD1BE0151300F25126 /* CoreBluetooth.framework */,
				0FFD31741BAB7C7F009B3A03 /* CoreLocation.framework */,
				0FFD31751BAB7C7F009B3A03 /* CoreMotion.framework */,
				0FFD31761BAB7C7F009B3A03 /* libsqlite3.tbd */,
				0FFD31771BAB7C7F009B3A03 /* UIKit.framework */,
				0B116CEB2CDAE394B0E751C3 /* libPods-Overland.a */,
			);
			name = Frameworks;
			sourceTree = "<group>";
		};
		0F3E520D201E515800DCFAA4 /* Fonts */ = {
			isa = PBXGroup;
			children = (
				0F3E5212201E54FB00DCFAA4 /* OpenSans-Light.ttf */,
				0F3E520E201E543200DCFAA4 /* OpenSansCondensed-Bold.ttf */,
				0F3E520F201E543200DCFAA4 /* OpenSansCondensed-Light.ttf */,
			);
			name = Fonts;
			path = "New Group";
			sourceTree = "<group>";
		};
		0FFD31491BAB7A34009B3A03 = {
			isa = PBXGroup;
			children = (
				0FFD31541BAB7A34009B3A03 /* GPSLogger */,
				0F3E520D201E515800DCFAA4 /* Fonts */,
				0FFD31531BAB7A34009B3A03 /* Products */,
				0BE775F16162CE9DF6AE0775 /* Frameworks */,
				1CD5358810FD08AFC4E02284 /* Pods */,
			);
			sourceTree = "<group>";
		};
		0FFD31531BAB7A34009B3A03 /* Products */ = {
			isa = PBXGroup;
			children = (
				0FFD31521BAB7A34009B3A03 /* Overland.app */,
			);
			name = Products;
			sourceTree = "<group>";
		};
		0FFD31541BAB7A34009B3A03 /* GPSLogger */ = {
			isa = PBXGroup;
			children = (
				0FCF53231F81AAAC00577A0F /* GPSLogger.entitlements */,
				0FFD31581BAB7A34009B3A03 /* AppDelegate.h */,
				0FFD31591BAB7A34009B3A03 /* AppDelegate.m */,
				0FFD315B1BAB7A34009B3A03 /* FirstViewController.h */,
				0FFD315C1BAB7A34009B3A03 /* FirstViewController.m */,
				0F444F0A1BD04A7E00106C2E /* TripModeViewController.h */,
				0F444F0B1BD04A7E00106C2E /* TripModeViewController.m */,
				0FFD315E1BAB7A34009B3A03 /* SecondViewController.h */,
				0FFD315F1BAB7A34009B3A03 /* SecondViewController.m */,
				0FCF532C1F83FDBC00577A0F /* EndpointViewController.h */,
				0FCF532D1F83FDBC00577A0F /* EndpointViewController.m */,
				0FFD31711BAB7BEA009B3A03 /* GLManager.h */,
				0FFD31721BAB7BEA009B3A03 /* GLManager.m */,
				0FFD31611BAB7A34009B3A03 /* Main.storyboard */,
				0FFD31641BAB7A34009B3A03 /* Assets.xcassets */,
				0FFD31661BAB7A34009B3A03 /* LaunchScreen.storyboard */,
				0FFD31691BAB7A34009B3A03 /* Info.plist */,
				0FFD317C1BAB7CB3009B3A03 /* LOLDB */,
				0FFD31551BAB7A34009B3A03 /* Supporting Files */,
			);
			path = GPSLogger;
			sourceTree = "<group>";
		};
		0FFD31551BAB7A34009B3A03 /* Supporting Files */ = {
			isa = PBXGroup;
			children = (
				0FFD31561BAB7A34009B3A03 /* main.m */,
			);
			name = "Supporting Files";
			sourceTree = "<group>";
		};
		0FFD317C1BAB7CB3009B3A03 /* LOLDB */ = {
			isa = PBXGroup;
			children = (
				0FFD317D1BAB7CC7009B3A03 /* LOLDatabase.h */,
				0FFD317E1BAB7CC7009B3A03 /* LOLDatabase.m */,
			);
			name = LOLDB;
			sourceTree = "<group>";
		};
		1CD5358810FD08AFC4E02284 /* Pods */ = {
			isa = PBXGroup;
			children = (
				0EA5D0C438025E39B960A661 /* Pods-Overland.debug.xcconfig */,
				62EFAE52E9C3E037A782C9E9 /* Pods-Overland.release.xcconfig */,
			);
			name = Pods;
			sourceTree = "<group>";
		};
/* End PBXGroup section */

/* Begin PBXNativeTarget section */
		0FFD31511BAB7A34009B3A03 /* Overland */ = {
			isa = PBXNativeTarget;
			buildConfigurationList = 0FFD316C1BAB7A34009B3A03 /* Build configuration list for PBXNativeTarget "Overland" */;
			buildPhases = (
				42A683883C70BDF3169358D5 /* [CP] Check Pods Manifest.lock */,
				0FFD314E1BAB7A34009B3A03 /* Sources */,
				0FFD314F1BAB7A34009B3A03 /* Frameworks */,
				0FFD31501BAB7A34009B3A03 /* Resources */,
				194409F874597A79AC7202A9 /* [CP] Embed Pods Frameworks */,
				D263E058FB7FFBE2E9E88DA6 /* [CP] Copy Pods Resources */,
			);
			buildRules = (
			);
			dependencies = (
			);
			name = Overland;
			productName = GPSLogger;
			productReference = 0FFD31521BAB7A34009B3A03 /* Overland.app */;
			productType = "com.apple.product-type.application";
		};
/* End PBXNativeTarget section */

/* Begin PBXProject section */
		0FFD314A1BAB7A34009B3A03 /* Project object */ = {
			isa = PBXProject;
			attributes = {
				LastUpgradeCheck = 0700;
				ORGANIZATIONNAME = "Aaron Parecki";
				TargetAttributes = {
					0FFD31511BAB7A34009B3A03 = {
						CreatedOnToolsVersion = 7.0;
						DevelopmentTeam = 265MEETB7R;
						SystemCapabilities = {
							com.apple.BackgroundModes = {
								enabled = 1;
							};
							com.apple.Push = {
								enabled = 0;
							};
						};
					};
				};
			};
			buildConfigurationList = 0FFD314D1BAB7A34009B3A03 /* Build configuration list for PBXProject "Overland" */;
			compatibilityVersion = "Xcode 3.2";
			developmentRegion = English;
			hasScannedForEncodings = 0;
			knownRegions = (
				en,
				Base,
			);
			mainGroup = 0FFD31491BAB7A34009B3A03;
			productRefGroup = 0FFD31531BAB7A34009B3A03 /* Products */;
			projectDirPath = "";
			projectRoot = "";
			targets = (
				0FFD31511BAB7A34009B3A03 /* Overland */,
			);
		};
/* End PBXProject section */

/* Begin PBXResourcesBuildPhase section */
		0FFD31501BAB7A34009B3A03 /* Resources */ = {
			isa = PBXResourcesBuildPhase;
			buildActionMask = 2147483647;
			files = (
				0F3E5213201E551000DCFAA4 /* OpenSans-Light.ttf in Resources */,
				0F3E5211201E543200DCFAA4 /* OpenSansCondensed-Light.ttf in Resources */,
				0FFD31681BAB7A34009B3A03 /* LaunchScreen.storyboard in Resources */,
				0F3E5210201E543200DCFAA4 /* OpenSansCondensed-Bold.ttf in Resources */,
				0FFD31651BAB7A34009B3A03 /* Assets.xcassets in Resources */,
				0FFD31631BAB7A34009B3A03 /* Main.storyboard in Resources */,
			);
			runOnlyForDeploymentPostprocessing = 0;
		};
/* End PBXResourcesBuildPhase section */

/* Begin PBXShellScriptBuildPhase section */
		194409F874597A79AC7202A9 /* [CP] Embed Pods Frameworks */ = {
			isa = PBXShellScriptBuildPhase;
			buildActionMask = 2147483647;
			files = (
			);
			inputPaths = (
			);
			name = "[CP] Embed Pods Frameworks";
			outputPaths = (
			);
			runOnlyForDeploymentPostprocessing = 0;
			shellPath = /bin/sh;
			shellScript = "\"${SRCROOT}/Pods/Target Support Files/Pods-Overland/Pods-Overland-frameworks.sh\"\n";
			showEnvVarsInLog = 0;
		};
		42A683883C70BDF3169358D5 /* [CP] Check Pods Manifest.lock */ = {
			isa = PBXShellScriptBuildPhase;
			buildActionMask = 2147483647;
			files = (
			);
			inputPaths = (
				"${PODS_PODFILE_DIR_PATH}/Podfile.lock",
				"${PODS_ROOT}/Manifest.lock",
			);
			name = "[CP] Check Pods Manifest.lock";
			outputPaths = (
				"$(DERIVED_FILE_DIR)/Pods-Overland-checkManifestLockResult.txt",
			);
			runOnlyForDeploymentPostprocessing = 0;
			shellPath = /bin/sh;
			shellScript = "diff \"${PODS_PODFILE_DIR_PATH}/Podfile.lock\" \"${PODS_ROOT}/Manifest.lock\" > /dev/null\nif [ $? != 0 ] ; then\n    # print error to STDERR\n    echo \"error: The sandbox is not in sync with the Podfile.lock. Run 'pod install' or update your CocoaPods installation.\" >&2\n    exit 1\nfi\n# This output is used by Xcode 'outputs' to avoid re-running this script phase.\necho \"SUCCESS\" > \"${SCRIPT_OUTPUT_FILE_0}\"\n";
			showEnvVarsInLog = 0;
		};
		D263E058FB7FFBE2E9E88DA6 /* [CP] Copy Pods Resources */ = {
			isa = PBXShellScriptBuildPhase;
			buildActionMask = 2147483647;
			files = (
			);
			inputPaths = (
			);
			name = "[CP] Copy Pods Resources";
			outputPaths = (
			);
			runOnlyForDeploymentPostprocessing = 0;
			shellPath = /bin/sh;
			shellScript = "\"${SRCROOT}/Pods/Target Support Files/Pods-Overland/Pods-Overland-resources.sh\"\n";
			showEnvVarsInLog = 0;
		};
/* End PBXShellScriptBuildPhase section */

/* Begin PBXSourcesBuildPhase section */
		0FFD314E1BAB7A34009B3A03 /* Sources */ = {
			isa = PBXSourcesBuildPhase;
			buildActionMask = 2147483647;
			files = (
				0FFD31601BAB7A34009B3A03 /* SecondViewController.m in Sources */,
				0FFD315A1BAB7A34009B3A03 /* AppDelegate.m in Sources */,
				0FFD31731BAB7BEA009B3A03 /* GLManager.m in Sources */,
				0FCF532E1F83FDBC00577A0F /* EndpointViewController.m in Sources */,
				0F444F0C1BD04A7E00106C2E /* TripModeViewController.m in Sources */,
				0FFD315D1BAB7A34009B3A03 /* FirstViewController.m in Sources */,
				0FFD317F1BAB7CC7009B3A03 /* LOLDatabase.m in Sources */,
				0FFD31571BAB7A34009B3A03 /* main.m in Sources */,
			);
			runOnlyForDeploymentPostprocessing = 0;
		};
/* End PBXSourcesBuildPhase section */

/* Begin PBXVariantGroup section */
		0FFD31611BAB7A34009B3A03 /* Main.storyboard */ = {
			isa = PBXVariantGroup;
			children = (
				0FFD31621BAB7A34009B3A03 /* Base */,
			);
			name = Main.storyboard;
			sourceTree = "<group>";
		};
		0FFD31661BAB7A34009B3A03 /* LaunchScreen.storyboard */ = {
			isa = PBXVariantGroup;
			children = (
				0FFD31671BAB7A34009B3A03 /* Base */,
			);
			name = LaunchScreen.storyboard;
			sourceTree = "<group>";
		};
/* End PBXVariantGroup section */

/* Begin XCBuildConfiguration section */
		0FFD316A1BAB7A34009B3A03 /* Debug */ = {
			isa = XCBuildConfiguration;
			buildSettings = {
				ALWAYS_SEARCH_USER_PATHS = NO;
				CLANG_CXX_LANGUAGE_STANDARD = "gnu++0x";
				CLANG_CXX_LIBRARY = "libc++";
				CLANG_ENABLE_MODULES = YES;
				CLANG_ENABLE_OBJC_ARC = YES;
				CLANG_WARN_BOOL_CONVERSION = YES;
				CLANG_WARN_CONSTANT_CONVERSION = YES;
				CLANG_WARN_DIRECT_OBJC_ISA_USAGE = YES_ERROR;
				CLANG_WARN_EMPTY_BODY = YES;
				CLANG_WARN_ENUM_CONVERSION = YES;
				CLANG_WARN_INT_CONVERSION = YES;
				CLANG_WARN_OBJC_ROOT_CLASS = YES_ERROR;
				CLANG_WARN_UNREACHABLE_CODE = YES;
				CLANG_WARN__DUPLICATE_METHOD_MATCH = YES;
				COPY_PHASE_STRIP = NO;
				DEBUG_INFORMATION_FORMAT = dwarf;
				ENABLE_STRICT_OBJC_MSGSEND = YES;
				ENABLE_TESTABILITY = YES;
				GCC_C_LANGUAGE_STANDARD = gnu99;
				GCC_DYNAMIC_NO_PIC = NO;
				GCC_NO_COMMON_BLOCKS = YES;
				GCC_OPTIMIZATION_LEVEL = 0;
				GCC_PREPROCESSOR_DEFINITIONS = (
					"DEBUG=1",
					"$(inherited)",
				);
				GCC_WARN_64_TO_32_BIT_CONVERSION = YES;
				GCC_WARN_ABOUT_RETURN_TYPE = YES_ERROR;
				GCC_WARN_UNDECLARED_SELECTOR = YES;
				GCC_WARN_UNINITIALIZED_AUTOS = YES_AGGRESSIVE;
				GCC_WARN_UNUSED_FUNCTION = YES;
				GCC_WARN_UNUSED_VARIABLE = YES;
				IPHONEOS_DEPLOYMENT_TARGET = 10.3;
				MTL_ENABLE_DEBUG_INFO = YES;
				ONLY_ACTIVE_ARCH = YES;
				SDKROOT = iphoneos;
			};
			name = Debug;
		};
		0FFD316B1BAB7A34009B3A03 /* Release */ = {
			isa = XCBuildConfiguration;
			buildSettings = {
				ALWAYS_SEARCH_USER_PATHS = NO;
				CLANG_CXX_LANGUAGE_STANDARD = "gnu++0x";
				CLANG_CXX_LIBRARY = "libc++";
				CLANG_ENABLE_MODULES = YES;
				CLANG_ENABLE_OBJC_ARC = YES;
				CLANG_WARN_BOOL_CONVERSION = YES;
				CLANG_WARN_CONSTANT_CONVERSION = YES;
				CLANG_WARN_DIRECT_OBJC_ISA_USAGE = YES_ERROR;
				CLANG_WARN_EMPTY_BODY = YES;
				CLANG_WARN_ENUM_CONVERSION = YES;
				CLANG_WARN_INT_CONVERSION = YES;
				CLANG_WARN_OBJC_ROOT_CLASS = YES_ERROR;
				CLANG_WARN_UNREACHABLE_CODE = YES;
				CLANG_WARN__DUPLICATE_METHOD_MATCH = YES;
				COPY_PHASE_STRIP = NO;
				DEBUG_INFORMATION_FORMAT = "dwarf-with-dsym";
				ENABLE_NS_ASSERTIONS = NO;
				ENABLE_STRICT_OBJC_MSGSEND = YES;
				GCC_C_LANGUAGE_STANDARD = gnu99;
				GCC_NO_COMMON_BLOCKS = YES;
				GCC_WARN_64_TO_32_BIT_CONVERSION = YES;
				GCC_WARN_ABOUT_RETURN_TYPE = YES_ERROR;
				GCC_WARN_UNDECLARED_SELECTOR = YES;
				GCC_WARN_UNINITIALIZED_AUTOS = YES_AGGRESSIVE;
				GCC_WARN_UNUSED_FUNCTION = YES;
				GCC_WARN_UNUSED_VARIABLE = YES;
				IPHONEOS_DEPLOYMENT_TARGET = 10.3;
				MTL_ENABLE_DEBUG_INFO = NO;
				SDKROOT = iphoneos;
				VALIDATE_PRODUCT = YES;
			};
			name = Release;
		};
		0FFD316D1BAB7A34009B3A03 /* Debug */ = {
			isa = XCBuildConfiguration;
			baseConfigurationReference = 0EA5D0C438025E39B960A661 /* Pods-Overland.debug.xcconfig */;
			buildSettings = {
				ASSETCATALOG_COMPILER_APPICON_NAME = AppIcon;
				CODE_SIGN_IDENTITY = "iPhone Developer";
				DEVELOPMENT_TEAM = 265MEETB7R;
				INFOPLIST_FILE = GPSLogger/Info.plist;
				LD_RUNPATH_SEARCH_PATHS = "$(inherited) @executable_path/Frameworks";
				PRODUCT_BUNDLE_IDENTIFIER = com.jholster.overland;
				PRODUCT_NAME = "$(TARGET_NAME)";
				PROVISIONING_PROFILE = "";
				TARGETED_DEVICE_FAMILY = "1,2";
			};
			name = Debug;
		};
		0FFD316E1BAB7A34009B3A03 /* Release */ = {
			isa = XCBuildConfiguration;
			baseConfigurationReference = 62EFAE52E9C3E037A782C9E9 /* Pods-Overland.release.xcconfig */;
			buildSettings = {
				ASSETCATALOG_COMPILER_APPICON_NAME = AppIcon;
				CODE_SIGN_IDENTITY = "iPhone Developer";
				DEVELOPMENT_TEAM = 265MEETB7R;
				INFOPLIST_FILE = GPSLogger/Info.plist;
				LD_RUNPATH_SEARCH_PATHS = "$(inherited) @executable_path/Frameworks";
				PRODUCT_BUNDLE_IDENTIFIER = com.jholster.overland;
				PRODUCT_NAME = "$(TARGET_NAME)";
				PROVISIONING_PROFILE = "";
				TARGETED_DEVICE_FAMILY = "1,2";
			};
			name = Release;
		};
/* End XCBuildConfiguration section */

/* Begin XCConfigurationList section */
		0FFD314D1BAB7A34009B3A03 /* Build configuration list for PBXProject "Overland" */ = {
			isa = XCConfigurationList;
			buildConfigurations = (
				0FFD316A1BAB7A34009B3A03 /* Debug */,
				0FFD316B1BAB7A34009B3A03 /* Release */,
			);
			defaultConfigurationIsVisible = 0;
			defaultConfigurationName = Release;
		};
		0FFD316C1BAB7A34009B3A03 /* Build configuration list for PBXNativeTarget "Overland" */ = {
			isa = XCConfigurationList;
			buildConfigurations = (
				0FFD316D1BAB7A34009B3A03 /* Debug */,
				0FFD316E1BAB7A34009B3A03 /* Release */,
			);
			defaultConfigurationIsVisible = 0;
			defaultConfigurationName = Release;
		};
/* End XCConfigurationList section */
	};
	rootObject = 0FFD314A1BAB7A34009B3A03 /* Project object */;
}
